{
  "name": "project-bolt-sb1-rer553cp",
  "lockfileVersion": 3,
  "requires": true,
  "packages": {
    "": {
      "dependencies": {
        "dcraw": "^1.0.3",
        "heic2any": "^0.0.4"
      }
    },
    "node_modules/dcraw": {
      "version": "1.0.3",
      "resolved": "https://registry.npmjs.org/dcraw/-/dcraw-1.0.3.tgz",
      "integrity": "sha512-Eer+8s95I1itFQUCOqMxNNLPLR0MPjBHxuPY7AgbdcMY/aohbJhf8/mvA+NqKUj+MWm0fEKm17CmESqbzzcvZg==",
      "license": "GPL-2.0"
    },
    "node_modules/heic2any": {
      "version": "0.0.4",
      "resolved": "https://registry.npmjs.org/heic2any/-/heic2any-0.0.4.tgz",
      "integrity": "sha512-3lLnZiDELfabVH87htnRolZ2iehX9zwpRyGNz22GKXIu0fznlblf0/ftppXKNqS26dqFSeqfIBhAmAj/uSp0cA==",
      "license": "MIT"
    }
  }
}
